
Microsoft Visual Studio Solution File, Format Version 12.00
# Visual Studio Version 17
VisualStudioVersion = 17.14.36109.1 d17.14
MinimumVisualStudioVersion = 10.0.40219.1
Project("{8BC9CEB8-8B4A-11D0-8D11-00A0C91BC942}") = "Project9", "Project9\Project9.vcxproj", "{BCA072DA-F550-475E-B91A-01FAA096D678}"
EndProject
Global
	GlobalSection(SolutionConfigurationPlatforms) = preSolution
		Debug|x64 = Debug|x64
		Debug|x86 = Debug|x86
		Release|x64 = Release|x64
		Release|x86 = Release|x86
	EndGlobalSection
	GlobalSection(ProjectConfigurationPlatforms) = postSolution
		{BCA072DA-F550-475E-B91A-01FAA096D678}.Debug|x64.ActiveCfg = Debug|x64
		{BCA072DA-F550-475E-B91A-01FAA096D678}.Debug|x64.Build.0 = Debug|x64
		{BCA072DA-F550-475E-B91A-01FAA096D678}.Debug|x86.ActiveCfg = Debug|Win32
		{BCA072DA-F550-475E-B91A-01FAA096D678}.Debug|x86.Build.0 = Debug|Win32
		{BCA072DA-F550-475E-B91A-01FAA096D678}.Release|x64.ActiveCfg = Release|x64
		{BCA072DA-F550-475E-B91A-01FAA096D678}.Release|x64.Build.0 = Release|x64
		{BCA072DA-F550-475E-B91A-01FAA096D678}.Release|x86.ActiveCfg = Release|Win32
		{BCA072DA-F550-475E-B91A-01FAA096D678}.Release|x86.Build.0 = Release|Win32
	EndGlobalSection
	GlobalSection(SolutionProperties) = preSolution
		HideSolutionNode = FALSE
	EndGlobalSection
	GlobalSection(ExtensibilityGlobals) = postSolution
		SolutionGuid = {8AE021A8-6AAA-4BF4-B6E2-A8B69E4733D7}
	EndGlobalSection
EndGlobal
